// !$*UTF8*$!
{
	archiveVersion = 1;
	classes = {
	};
	objectVersion = 77;
	objects = {

/* Begin PBXBuildFile section */
		74B1F0AE2F5C02AD002D0672 /* GoogleSignIn in Frameworks */ = {isa = PBXBuildFile; productRef = 74B1F0AD2F5C02AD002D0672 /* GoogleSignIn */; };
		74B1F0B02F5C02AD002D0672 /* GoogleSignInSwift in Frameworks */ = {isa = PBXBuildFile; productRef = 74B1F0AF2F5C02AD002D0672 /* GoogleSignInSwift */; };
		74D4CF4A2F5816C900E0E820 /* Auth in Frameworks */ = {isa = PBXBuildFile; productRef = 74D4CF492F5816C900E0E820 /* Auth */; };
		74D4CF4C2F5816C900E0E820 /* Functions in Frameworks */ = {isa = PBXBuildFile; productRef = 74D4CF4B2F5816C900E0E820 /* Functions */; };
		74D4CF4E2F5816C900E0E820 /* PostgREST in Frameworks */ = {isa = PBXBuildFile; productRef = 74D4CF4D2F5816C900E0E820 /* PostgREST */; };
		74D4CF502F5816C900E0E820 /* Realtime in Frameworks */ = {isa = PBXBuildFile; productRef = 74D4CF4F2F5816C900E0E820 /* Realtime */; };
		74D4CF522F5816C900E0E820 /* Storage in Frameworks */ = {isa = PBXBuildFile; productRef = 74D4CF512F5816C900E0E820 /* Storage */; };
		74D4CF612F58C57E00E0E820 /* Supabase in Frameworks */ = {isa = PBXBuildFile; productRef = 74D4CF602F58C57E00E0E820 /* Supabase */; };
/* End PBXBuildFile section */

/* Begin PBXContainerItemProxy section */
		447FDCFE2F4C339400334382 /* PBXContainerItemProxy */ = {
			isa = PBXContainerItemProxy;
			containerPortal = 447FDCE82F4C339300334382 /* Project object */;
			proxyType = 1;
			remoteGlobalIDString = 447FDCEF2F4C339300334382;
			remoteInfo = studyconnect;
		};
		447FDD082F4C339400334382 /* PBXContainerItemProxy */ = {
			isa = PBXContainerItemProxy;
			containerPortal = 447FDCE82F4C339300334382 /* Project object */;
			proxyType = 1;
			remoteGlobalIDString = 447FDCEF2F4C339300334382;
			remoteInfo = studyconnect;
		};
/* End PBXContainerItemProxy section */

/* Begin PBXFileReference section */
		447FDCF02F4C339300334382 /* studyconnect.app */ = {isa = PBXFileReference; explicitFileType = wrapper.application; includeInIndex = 0; path = studyconnect.app; sourceTree = BUILT_PRODUCTS_DIR; };
		447FDCFD2F4C339400334382 /* studyconnectTests.xctest */ = {isa = PBXFileReference; explicitFileType = wrapper.cfbundle; includeInIndex = 0; path = studyconnectTests.xctest; sourceTree = BUILT_PRODUCTS_DIR; };
		447FDD072F4C339400334382 /* studyconnectUITests.xctest */ = {isa = PBXFileReference; explicitFileType = wrapper.cfbundle; includeInIndex = 0; path = studyconnectUITests.xctest; sourceTree = BUILT_PRODUCTS_DIR; };
/* End PBXFileReference section */

/* Begin PBXFileSystemSynchronizedBuildFileExceptionSet section */
		74B1F0AB2F5C009E002D0672 /* Exceptions for "studyconnect" folder in "studyconnect" target */ = {
			isa = PBXFileSystemSynchronizedBuildFileExceptionSet;
			membershipExceptions = (
				Info.plist,
			);
			target = 447FDCEF2F4C339300334382 /* studyconnect */;
		};
/* End PBXFileSystemSynchronizedBuildFileExceptionSet section */

/* Begin PBXFileSystemSynchronizedRootGroup section */
		447FDCF22F4C339300334382 /* studyconnect */ = {
			isa = PBXFileSystemSynchronizedRootGroup;
			exceptions = (
				74B1F0AB2F5C009E002D0672 /* Exceptions for "studyconnect" folder in "studyconnect" target */,
			);
			path = studyconnect;
			sourceTree = "<group>";
		};
		447FDD002F4C339400334382 /* studyconnectTests */ = {
			isa = PBXFileSystemSynchronizedRootGroup;
			path = studyconnectTests;
			sourceTree = "<group>";
		};
		447FDD0A2F4C339400334382 /* studyconnectUITests */ = {
			isa = PBXFileSystemSynchronizedRootGroup;
			path = studyconnectUITests;
			sourceTree = "<group>";
		};
/* End PBXFileSystemSynchronizedRootGroup section */

/* Begin PBXFrameworksBuildPhase section */
		447FDCED2F4C339300334382 /* Frameworks */ = {
			isa = PBXFrameworksBuildPhase;
			buildActionMask = 2147483647;
			files = (
				74D4CF4E2F5816C900E0E820 /* PostgREST in Frameworks */,
				74D4CF4C2F5816C900E0E820 /* Functions in Frameworks */,
				74D4CF612F58C57E00E0E820 /* Supabase in Frameworks */,
				74B1F0B02F5C02AD002D0672 /* GoogleSignInSwift in Frameworks */,
				74D4CF4A2F5816C900E0E820 /* Auth in Frameworks */,
				74D4CF522F5816C900E0E820 /* Storage in Frameworks */,
				74D4CF502F5816C900E0E820 /* Realtime in Frameworks */,
				74B1F0AE2F5C02AD002D0672 /* GoogleSignIn in Frameworks */,
			);
			runOnlyForDeploymentPostprocessing = 0;
		};
		447FDCFA2F4C339400334382 /* Frameworks */ = {
			isa = PBXFrameworksBuildPhase;
			buildActionMask = 2147483647;
			files = (
			);
			runOnlyForDeploymentPostprocessing = 0;
		};
		447FDD042F4C339400334382 /* Frameworks */ = {
			isa = PBXFrameworksBuildPhase;
			buildActionMask = 2147483647;
			files = (
			);
			runOnlyForDeploymentPostprocessing = 0;
		};
/* End PBXFrameworksBuildPhase section */

/* Begin PBXGroup section */
		447FDCE72F4C339300334382 = {
			isa = PBXGroup;
			children = (
				447FDCF22F4C339300334382 /* studyconnect */,
				447FDD002F4C339400334382 /* studyconnectTests */,
				447FDD0A2F4C339400334382 /* studyconnectUITests */,
				74D4CF532F58C53E00E0E820 /* Frameworks */,
				447FDCF12F4C339300334382 /* Products */,
			);
			sourceTree = "<group>";
		};
		447FDCF12F4C339300334382 /* Products */ = {
			isa = PBXGroup;
			children = (
				447FDCF02F4C339300334382 /* studyconnect.app */,
				447FDCFD2F4C339400334382 /* studyconnectTests.xctest */,
				447FDD072F4C339400334382 /* studyconnectUITests.xctest */,
			);
			name = Products;
			sourceTree = "<group>";
		};
		74D4CF532F58C53E00E0E820 /* Frameworks */ = {
			isa = PBXGroup;
			children = (
			);
			name = Frameworks;
			sourceTree = "<group>";
		};
/* End PBXGroup section */

/* Begin PBXNativeTarget section */
		447FDCEF2F4C339300334382 /* studyconnect */ = {
			isa = PBXNativeTarget;
			buildConfigurationList = 447FDD112F4C339400334382 /* Build configuration list for PBXNativeTarget "studyconnect" */;
			buildPhases = (
				447FDCEC2F4C339300334382 /* Sources */,
				447FDCED2F4C339300334382 /* Frameworks */,
				447FDCEE2F4C339300334382 /* Resources */,
			);
			buildRules = (
			);
			dependencies = (
			);
			fileSystemSynchronizedGroups = (
				447FDCF22F4C339300334382 /* studyconnect */,
			);
			name = studyconnect;
			packageProductDependencies = (
				74D4CF492F5816C900E0E820 /* Auth */,
				74D4CF4B2F5816C900E0E820 /* Functions */,
				74D4CF4D2F5816C900E0E820 /* PostgREST */,
				74D4CF4F2F5816C900E0E820 /* Realtime */,
				74D4CF512F5816C900E0E820 /* Storage */,
				74D4CF602F58C57E00E0E820 /* Supabase */,
				74B1F0AD2F5C02AD002D0672 /* GoogleSignIn */,
				74B1F0AF2F5C02AD002D0672 /* GoogleSignInSwift */,
			);
			productName = studyconnect;
			productReference = 447FDCF02F4C339300334382 /* studyconnect.app */;
			productType = "com.apple.product-type.application";
		};
		447FDCFC2F4C339400334382 /* studyconnectTests */ = {
			isa = PBXNativeTarget;
			buildConfigurationList = 447FDD142F4C339400334382 /* Build configuration list for PBXNativeTarget "studyconnectTests" */;
			buildPhases = (
				447FDCF92F4C339400334382 /* Sources */,
				447FDCFA2F4C339400334382 /* Frameworks */,
				447FDCFB2F4C339400334382 /* Resources */,
			);
			buildRules = (
			);
			dependencies = (
				447FDCFF2F4C339400334382 /* PBXTargetDependency */,
			);
			fileSystemSynchronizedGroups = (
				447FDD002F4C339400334382 /* studyconnectTests */,
			);
			name = studyconnectTests;
			packageProductDependencies = (
			);
			productName = studyconnectTests;
			productReference = 447FDCFD2F4C339400334382 /* studyconnectTests.xctest */;
			productType = "com.apple.product-type.bundle.unit-test";
		};
		447FDD062F4C339400334382 /* studyconnectUITests */ = {
			isa = PBXNativeTarget;
			buildConfigurationList = 447FDD172F4C339400334382 /* Build configuration list for PBXNativeTarget "studyconnectUITests" */;
			buildPhases = (
				447FDD032F4C339400334382 /* Sources */,
				447FDD042F4C339400334382 /* Frameworks */,
				447FDD052F4C339400334382 /* Resources */,
			);
			buildRules = (
			);
			dependencies = (
				447FDD092F4C339400334382 /* PBXTargetDependency */,
			);
			fileSystemSynchronizedGroups = (
				447FDD0A2F4C339400334382 /* studyconnectUITests */,
			);
			name = studyconnectUITests;
			packageProductDependencies = (
			);
			productName = studyconnectUITests;
			productReference = 447FDD072F4C339400334382 /* studyconnectUITests.xctest */;
			productType = "com.apple.product-type.bundle.ui-testing";
		};
/* End PBXNativeTarget section */

/* Begin PBXProject section */
		447FDCE82F4C339300334382 /* Project object */ = {
			isa = PBXProject;
			attributes = {
				BuildIndependentTargetsInParallel = 1;
				LastSwiftUpdateCheck = 2600;
				LastUpgradeCheck = 2620;
				TargetAttributes = {
					447FDCEF2F4C339300334382 = {
						CreatedOnToolsVersion = 26.0.1;
					};
					447FDCFC2F4C339400334382 = {
						CreatedOnToolsVersion = 26.0.1;
						TestTargetID = 447FDCEF2F4C339300334382;
					};
					447FDD062F4C339400334382 = {
						CreatedOnToolsVersion = 26.0.1;
						TestTargetID = 447FDCEF2F4C339300334382;
					};
				};
			};
			buildConfigurationList = 447FDCEB2F4C339300334382 /* Build configuration list for PBXProject "studyconnect" */;
			developmentRegion = en;
			hasScannedForEncodings = 0;
			knownRegions = (
				en,
				Base,
			);
			mainGroup = 447FDCE72F4C339300334382;
			minimizedProjectReferenceProxies = 1;
			packageReferences = (
				74D4CF482F5816C900E0E820 /* XCRemoteSwiftPackageReference "supabase-swift" */,
				74B1F0AC2F5C02AD002D0672 /* XCRemoteSwiftPackageReference "GoogleSignIn-iOS" */,
			);
			preferredProjectObjectVersion = 77;
			productRefGroup = 447FDCF12F4C339300334382 /* Products */;
			projectDirPath = "";
			projectRoot = "";
			targets = (
				447FDCEF2F4C339300334382 /* studyconnect */,
				447FDCFC2F4C339400334382 /* studyconnectTests */,
				447FDD062F4C339400334382 /* studyconnectUITests */,
			);
		};
/* End PBXProject section */

/* Begin PBXResourcesBuildPhase section */
		447FDCEE2F4C339300334382 /* Resources */ = {
			isa = PBXResourcesBuildPhase;
			buildActionMask = 2147483647;
			files = (
			);
			runOnlyForDeploymentPostprocessing = 0;
		};
		447FDCFB2F4C339400334382 /* Resources */ = {
			isa = PBXResourcesBuildPhase;
			buildActionMask = 2147483647;
			files = (
			);
			runOnlyForDeploymentPostprocessing = 0;
		};
		447FDD052F4C339400334382 /* Resources */ = {
			isa = PBXResourcesBuildPhase;
			buildActionMask = 2147483647;
			files = (
			);
			runOnlyForDeploymentPostprocessing = 0;
		};
/* End PBXResourcesBuildPhase section */

/* Begin PBXSourcesBuildPhase section */
		447FDCEC2F4C339300334382 /* Sources */ = {
			isa = PBXSourcesBuildPhase;
			buildActionMask = 2147483647;
			files = (
			);
			runOnlyForDeploymentPostprocessing = 0;
		};
		447FDCF92F4C339400334382 /* Sources */ = {
			isa = PBXSourcesBuildPhase;
			buildActionMask = 2147483647;
			files = (
			);
			runOnlyForDeploymentPostprocessing = 0;
		};
		447FDD032F4C339400334382 /* Sources */ = {
			isa = PBXSourcesBuildPhase;
			buildActionMask = 2147483647;
			files = (
			);
			runOnlyForDeploymentPostprocessing = 0;
		};
/* End PBXSourcesBuildPhase section */

/* Begin PBXTargetDependency section */
		447FDCFF2F4C339400334382 /* PBXTargetDependency */ = {
			isa = PBXTargetDependency;
			target = 447FDCEF2F4C339300334382 /* studyconnect */;
			targetProxy = 447FDCFE2F4C339400334382 /* PBXContainerItemProxy */;
		};
		447FDD092F4C339400334382 /* PBXTargetDependency */ = {
			isa = PBXTargetDependency;
			target = 447FDCEF2F4C339300334382 /* studyconnect */;
			targetProxy = 447FDD082F4C339400334382 /* PBXContainerItemProxy */;
		};
/* End PBXTargetDependency section */

/* Begin XCBuildConfiguration section */
		447FDD0F2F4C339400334382 /* Debug */ = {
			isa = XCBuildConfiguration;
			buildSettings = {
				ALWAYS_SEARCH_USER_PATHS = NO;
				ASSETCATALOG_COMPILER_GENERATE_SWIFT_ASSET_SYMBOL_EXTENSIONS = YES;
				CLANG_ANALYZER_NONNULL = YES;
				CLANG_ANALYZER_NUMBER_OBJECT_CONVERSION = YES_AGGRESSIVE;
				CLANG_CXX_LANGUAGE_STANDARD = "gnu++20";
				CLANG_ENABLE_MODULES = YES;
				CLANG_ENABLE_OBJC_ARC = YES;
				CLANG_ENABLE_OBJC_WEAK = YES;
				CLANG_WARN_BLOCK_CAPTURE_AUTORELEASING = YES;
				CLANG_WARN_BOOL_CONVERSION = YES;
				CLANG_WARN_COMMA = YES;
				CLANG_WARN_CONSTANT_CONVERSION = YES;
				CLANG_WARN_DEPRECATED_OBJC_IMPLEMENTATIONS = YES;
				CLANG_WARN_DIRECT_OBJC_ISA_USAGE = YES_ERROR;
				CLANG_WARN_DOCUMENTATION_COMMENTS = YES;
				CLANG_WARN_EMPTY_BODY = YES;
				CLANG_WARN_ENUM_CONVERSION = YES;
				CLANG_WARN_INFINITE_RECURSION = YES;
				CLANG_WARN_INT_CONVERSION = YES;
				CLANG_WARN_NON_LITERAL_NULL_CONVERSION = YES;
				CLANG_WARN_OBJC_IMPLICIT_RETAIN_SELF = YES;
				CLANG_WARN_OBJC_LITERAL_CONVERSION = YES;
				CLANG_WARN_OBJC_ROOT_CLASS = YES_ERROR;
				CLANG_WARN_QUOTED_INCLUDE_IN_FRAMEWORK_HEADER = YES;
				CLANG_WARN_RANGE_LOOP_ANALYSIS = YES;
				CLANG_WARN_STRICT_PROTOTYPES = YES;
				CLANG_WARN_SUSPICIOUS_MOVE = YES;
				CLANG_WARN_UNGUARDED_AVAILABILITY = YES_AGGRESSIVE;
				CLANG_WARN_UNREACHABLE_CODE = YES;
				CLANG_WARN__DUPLICATE_METHOD_MATCH = YES;
				COPY_PHASE_STRIP = NO;
				DEBUG_INFORMATION_FORMAT = dwarf;
				DEVELOPMENT_TEAM = KA6868K94U;
				ENABLE_STRICT_OBJC_MSGSEND = YES;
				ENABLE_TESTABILITY = YES;
				ENABLE_USER_SCRIPT_SANDBOXING = YES;
				GCC_C_LANGUAGE_STANDARD = gnu17;
				GCC_DYNAMIC_NO_PIC = NO;
				GCC_NO_COMMON_BLOCKS = YES;
				GCC_OPTIMIZATION_LEVEL = 0;
				GCC_PREPROCESSOR_DEFINITIONS = (
					"DEBUG=1",
					"$(inherited)",
				);
				GCC_WARN_64_TO_32_BIT_CONVERSION = YES;
				GCC_WARN_ABOUT_RETURN_TYPE = YES_ERROR;
				GCC_WARN_UNDECLARED_SELECTOR = YES;
				GCC_WARN_UNINITIALIZED_AUTOS = YES_AGGRESSIVE;
				GCC_WARN_UNUSED_FUNCTION = YES;
				GCC_WARN_UNUSED_VARIABLE = YES;
				IPHONEOS_DEPLOYMENT_TARGET = 26.0;
				LOCALIZATION_PREFERS_STRING_CATALOGS = YES;
				MTL_ENABLE_DEBUG_INFO = INCLUDE_SOURCE;
				MTL_FAST_MATH = YES;
				ONLY_ACTIVE_ARCH = YES;
				SDKROOT = iphoneos;
				STRING_CATALOG_GENERATE_SYMBOLS = YES;
				SWIFT_ACTIVE_COMPILATION_CONDITIONS = "DEBUG $(inherited)";
				SWIFT_OPTIMIZATION_LEVEL = "-Onone";
			};
			name = Debug;
		};
		447FDD102F4C339400334382 /* Release */ = {
			isa = XCBuildConfiguration;
			buildSettings = {
				ALWAYS_SEARCH_USER_PATHS = NO;
				ASSETCATALOG_COMPILER_GENERATE_SWIFT_ASSET_SYMBOL_EXTENSIONS = YES;
				CLANG_ANALYZER_NONNULL = YES;
				CLANG_ANALYZER_NUMBER_OBJECT_CONVERSION = YES_AGGRESSIVE;
				CLANG_CXX_LANGUAGE_STANDARD = "gnu++20";
				CLANG_ENABLE_MODULES = YES;
				CLANG_ENABLE_OBJC_ARC = YES;
				CLANG_ENABLE_OBJC_WEAK = YES;
				CLANG_WARN_BLOCK_CAPTURE_AUTORELEASING = YES;
				CLANG_WARN_BOOL_CONVERSION = YES;
				CLANG_WARN_COMMA = YES;
				CLANG_WARN_CONSTANT_CONVERSION = YES;
				CLANG_WARN_DEPRECATED_OBJC_IMPLEMENTATIONS = YES;
				CLANG_WARN_DIRECT_OBJC_ISA_USAGE = YES_ERROR;
				CLANG_WARN_DOCUMENTATION_COMMENTS = YES;
				CLANG_WARN_EMPTY_BODY = YES;
				CLANG_WARN_ENUM_CONVERSION = YES;
				CLANG_WARN_INFINITE_RECURSION = YES;
				CLANG_WARN_INT_CONVERSION = YES;
				CLANG_WARN_NON_LITERAL_NULL_CONVERSION = YES;
				CLANG_WARN_OBJC_IMPLICIT_RETAIN_SELF = YES;
				CLANG_WARN_OBJC_LITERAL_CONVERSION = YES;
				CLANG_WARN_OBJC_ROOT_CLASS = YES_ERROR;
				CLANG_WARN_QUOTED_INCLUDE_IN_FRAMEWORK_HEADER = YES;
				CLANG_WARN_RANGE_LOOP_ANALYSIS = YES;
				CLANG_WARN_STRICT_PROTOTYPES = YES;
				CLANG_WARN_SUSPICIOUS_MOVE = YES;
				CLANG_WARN_UNGUARDED_AVAILABILITY = YES_AGGRESSIVE;
				CLANG_WARN_UNREACHABLE_CODE = YES;
				CLANG_WARN__DUPLICATE_METHOD_MATCH = YES;
				COPY_PHASE_STRIP = NO;
				DEBUG_INFORMATION_FORMAT = "dwarf-with-dsym";
				DEVELOPMENT_TEAM = KA6868K94U;
				ENABLE_NS_ASSERTIONS = NO;
				ENABLE_STRICT_OBJC_MSGSEND = YES;
				ENABLE_USER_SCRIPT_SANDBOXING = YES;
				GCC_C_LANGUAGE_STANDARD = gnu17;
				GCC_NO_COMMON_BLOCKS = YES;
				GCC_WARN_64_TO_32_BIT_CONVERSION = YES;
				GCC_WARN_ABOUT_RETURN_TYPE = YES_ERROR;
				GCC_WARN_UNDECLARED_SELECTOR = YES;
				GCC_WARN_UNINITIALIZED_AUTOS = YES_AGGRESSIVE;
				GCC_WARN_UNUSED_FUNCTION = YES;
				GCC_WARN_UNUSED_VARIABLE = YES;
				IPHONEOS_DEPLOYMENT_TARGET = 26.0;
				LOCALIZATION_PREFERS_STRING_CATALOGS = YES;
				MTL_ENABLE_DEBUG_INFO = NO;
				MTL_FAST_MATH = YES;
				SDKROOT = iphoneos;
				STRING_CATALOG_GENERATE_SYMBOLS = YES;
				SWIFT_COMPILATION_MODE = wholemodule;
				VALIDATE_PRODUCT = YES;
			};
			name = Release;
		};
		447FDD122F4C339400334382 /* Debug */ = {
			isa = XCBuildConfiguration;
			buildSettings = {
				ASSETCATALOG_COMPILER_APPICON_NAME = AppIcon;
				ASSETCATALOG_COMPILER_GLOBAL_ACCENT_COLOR_NAME = AccentColor;
				CODE_SIGN_STYLE = Automatic;
				CURRENT_PROJECT_VERSION = 1;
				DEVELOPMENT_TEAM = L9DTB73NFV;
				ENABLE_PREVIEWS = YES;
				GENERATE_INFOPLIST_FILE = YES;
				INFOPLIST_FILE = studyconnect/Info.plist;
				INFOPLIST_KEY_NSNearbyInteractionUsageDescription = "Required for nearby friend navigation using AR";
				INFOPLIST_KEY_UIApplicationSceneManifest_Generation = YES;
				INFOPLIST_KEY_UIApplicationSupportsIndirectInputEvents = YES;
				INFOPLIST_KEY_UILaunchScreen_Generation = YES;
				INFOPLIST_KEY_UISupportedInterfaceOrientations_iPad = "UIInterfaceOrientationPortrait UIInterfaceOrientationPortraitUpsideDown UIInterfaceOrientationLandscapeLeft UIInterfaceOrientationLandscapeRight";
				INFOPLIST_KEY_UISupportedInterfaceOrientations_iPhone = "UIInterfaceOrientationPortrait UIInterfaceOrientationLandscapeLeft UIInterfaceOrientationLandscapeRight";
				LD_RUNPATH_SEARCH_PATHS = (
					"$(inherited)",
					"@executable_path/Frameworks",
				);
				MARKETING_VERSION = 1.0;
				PRODUCT_BUNDLE_IDENTIFIER = "dev.shots-g.studyconnect";
				PRODUCT_NAME = "$(TARGET_NAME)";
				STRING_CATALOG_GENERATE_SYMBOLS = YES;
				SWIFT_APPROACHABLE_CONCURRENCY = YES;
				SWIFT_DEFAULT_ACTOR_ISOLATION = MainActor;
				SWIFT_EMIT_LOC_STRINGS = YES;
				SWIFT_UPCOMING_FEATURE_MEMBER_IMPORT_VISIBILITY = YES;
				SWIFT_VERSION = 5.0;
				TARGETED_DEVICE_FAMILY = "1,2";
			};
			name = Debug;
		};
		447FDD132F4C339400334382 /* Release */ = {
			isa = XCBuildConfiguration;
			buildSettings = {
				ASSETCATALOG_COMPILER_APPICON_NAME = AppIcon;
				ASSETCATALOG_COMPILER_GLOBAL_ACCENT_COLOR_NAME = AccentColor;
				CODE_SIGN_STYLE = Automatic;
				CURRENT_PROJECT_VERSION = 1;
				DEVELOPMENT_TEAM = L9DTB73NFV;
				ENABLE_PREVIEWS = YES;
				GENERATE_INFOPLIST_FILE = YES;
				INFOPLIST_FILE = studyconnect/Info.plist;
				INFOPLIST_KEY_NSNearbyInteractionUsageDescription = "Required for nearby friend navigation using AR";
				INFOPLIST_KEY_UIApplicationSceneManifest_Generation = YES;
				INFOPLIST_KEY_UIApplicationSupportsIndirectInputEvents = YES;
				INFOPLIST_KEY_UILaunchScreen_Generation = YES;
				INFOPLIST_KEY_UISupportedInterfaceOrientations_iPad = "UIInterfaceOrientationPortrait UIInterfaceOrientationPortraitUpsideDown UIInterfaceOrientationLandscapeLeft UIInterfaceOrientationLandscapeRight";
				INFOPLIST_KEY_UISupportedInterfaceOrientations_iPhone = "UIInterfaceOrientationPortrait UIInterfaceOrientationLandscapeLeft UIInterfaceOrientationLandscapeRight";
				LD_RUNPATH_SEARCH_PATHS = (
					"$(inherited)",
					"@executable_path/Frameworks",
				);
				MARKETING_VERSION = 1.0;
				PRODUCT_BUNDLE_IDENTIFIER = "dev.shots-g.studyconnect";
				PRODUCT_NAME = "$(TARGET_NAME)";
				STRING_CATALOG_GENERATE_SYMBOLS = YES;
				SWIFT_APPROACHABLE_CONCURRENCY = YES;
				SWIFT_DEFAULT_ACTOR_ISOLATION = MainActor;
				SWIFT_EMIT_LOC_STRINGS = YES;
				SWIFT_UPCOMING_FEATURE_MEMBER_IMPORT_VISIBILITY = YES;
				SWIFT_VERSION = 5.0;
				TARGETED_DEVICE_FAMILY = "1,2";
			};
			name = Release;
		};
		447FDD152F4C339400334382 /* Debug */ = {
			isa = XCBuildConfiguration;
			buildSettings = {
				BUNDLE_LOADER = "$(TEST_HOST)";
				CODE_SIGN_STYLE = Automatic;
				CURRENT_PROJECT_VERSION = 1;
				DEVELOPMENT_TEAM = KA6868K94U;
				GENERATE_INFOPLIST_FILE = YES;
				IPHONEOS_DEPLOYMENT_TARGET = 26.0;
				MARKETING_VERSION = 1.0;
				PRODUCT_BUNDLE_IDENTIFIER = "dev.shots-g.studyconnectTests";
				PRODUCT_NAME = "$(TARGET_NAME)";
				STRING_CATALOG_GENERATE_SYMBOLS = NO;
				SWIFT_APPROACHABLE_CONCURRENCY = YES;
				SWIFT_EMIT_LOC_STRINGS = NO;
				SWIFT_UPCOMING_FEATURE_MEMBER_IMPORT_VISIBILITY = YES;
				SWIFT_VERSION = 5.0;
				TARGETED_DEVICE_FAMILY = "1,2";
				TEST_HOST = "$(BUILT_PRODUCTS_DIR)/studyconnect.app/$(BUNDLE_EXECUTABLE_FOLDER_PATH)/studyconnect";
			};
			name = Debug;
		};
		447FDD162F4C339400334382 /* Release */ = {
			isa = XCBuildConfiguration;
			buildSettings = {
				BUNDLE_LOADER = "$(TEST_HOST)";
				CODE_SIGN_STYLE = Automatic;
				CURRENT_PROJECT_VERSION = 1;
				DEVELOPMENT_TEAM = KA6868K94U;
				GENERATE_INFOPLIST_FILE = YES;
				IPHONEOS_DEPLOYMENT_TARGET = 26.0;
				MARKETING_VERSION = 1.0;
				PRODUCT_BUNDLE_IDENTIFIER = "dev.shots-g.studyconnectTests";
				PRODUCT_NAME = "$(TARGET_NAME)";
				STRING_CATALOG_GENERATE_SYMBOLS = NO;
				SWIFT_APPROACHABLE_CONCURRENCY = YES;
				SWIFT_EMIT_LOC_STRINGS = NO;
				SWIFT_UPCOMING_FEATURE_MEMBER_IMPORT_VISIBILITY = YES;
				SWIFT_VERSION = 5.0;
				TARGETED_DEVICE_FAMILY = "1,2";
				TEST_HOST = "$(BUILT_PRODUCTS_DIR)/studyconnect.app/$(BUNDLE_EXECUTABLE_FOLDER_PATH)/studyconnect";
			};
			name = Release;
		};
		447FDD182F4C339400334382 /* Debug */ = {
			isa = XCBuildConfiguration;
			buildSettings = {
				CODE_SIGN_STYLE = Automatic;
				CURRENT_PROJECT_VERSION = 1;
				DEVELOPMENT_TEAM = KA6868K94U;
				GENERATE_INFOPLIST_FILE = YES;
				MARKETING_VERSION = 1.0;
				PRODUCT_BUNDLE_IDENTIFIER = "dev.shots-g.studyconnectUITests";
				PRODUCT_NAME = "$(TARGET_NAME)";
				STRING_CATALOG_GENERATE_SYMBOLS = NO;
				SWIFT_APPROACHABLE_CONCURRENCY = YES;
				SWIFT_EMIT_LOC_STRINGS = NO;
				SWIFT_UPCOMING_FEATURE_MEMBER_IMPORT_VISIBILITY = YES;
				SWIFT_VERSION = 5.0;
				TARGETED_DEVICE_FAMILY = "1,2";
				TEST_TARGET_NAME = studyconnect;
			};
			name = Debug;
		};
		447FDD192F4C339400334382 /* Release */ = {
			isa = XCBuildConfiguration;
			buildSettings = {
				CODE_SIGN_STYLE = Automatic;
				CURRENT_PROJECT_VERSION = 1;
				DEVELOPMENT_TEAM = KA6868K94U;
				GENERATE_INFOPLIST_FILE = YES;
				MARKETING_VERSION = 1.0;
				PRODUCT_BUNDLE_IDENTIFIER = "dev.shots-g.studyconnectUITests";
				PRODUCT_NAME = "$(TARGET_NAME)";
				STRING_CATALOG_GENERATE_SYMBOLS = NO;
				SWIFT_APPROACHABLE_CONCURRENCY = YES;
				SWIFT_EMIT_LOC_STRINGS = NO;
				SWIFT_UPCOMING_FEATURE_MEMBER_IMPORT_VISIBILITY = YES;
				SWIFT_VERSION = 5.0;
				TARGETED_DEVICE_FAMILY = "1,2";
				TEST_TARGET_NAME = studyconnect;
			};
			name = Release;
		};
/* End XCBuildConfiguration section */

/* Begin XCConfigurationList section */
		447FDCEB2F4C339300334382 /* Build configuration list for PBXProject "studyconnect" */ = {
			isa = XCConfigurationList;
			buildConfigurations = (
				447FDD0F2F4C339400334382 /* Debug */,
				447FDD102F4C339400334382 /* Release */,
			);
			defaultConfigurationIsVisible = 0;
			defaultConfigurationName = Release;
		};
		447FDD112F4C339400334382 /* Build configuration list for PBXNativeTarget "studyconnect" */ = {
			isa = XCConfigurationList;
			buildConfigurations = (
				447FDD122F4C339400334382 /* Debug */,
				447FDD132F4C339400334382 /* Release */,
			);
			defaultConfigurationIsVisible = 0;
			defaultConfigurationName = Release;
		};
		447FDD142F4C339400334382 /* Build configuration list for PBXNativeTarget "studyconnectTests" */ = {
			isa = XCConfigurationList;
			buildConfigurations = (
				447FDD152F4C339400334382 /* Debug */,
				447FDD162F4C339400334382 /* Release */,
			);
			defaultConfigurationIsVisible = 0;
			defaultConfigurationName = Release;
		};
		447FDD172F4C339400334382 /* Build configuration list for PBXNativeTarget "studyconnectUITests" */ = {
			isa = XCConfigurationList;
			buildConfigurations = (
				447FDD182F4C339400334382 /* Debug */,
				447FDD192F4C339400334382 /* Release */,
			);
			defaultConfigurationIsVisible = 0;
			defaultConfigurationName = Release;
		};
/* End XCConfigurationList section */

/* Begin XCRemoteSwiftPackageReference section */
		74B1F0AC2F5C02AD002D0672 /* XCRemoteSwiftPackageReference "GoogleSignIn-iOS" */ = {
			isa = XCRemoteSwiftPackageReference;
			repositoryURL = "https://github.com/google/GoogleSignIn-iOS.git";
			requirement = {
				kind = upToNextMajorVersion;
				minimumVersion = 9.1.0;
			};
		};
		74D4CF482F5816C900E0E820 /* XCRemoteSwiftPackageReference "supabase-swift" */ = {
			isa = XCRemoteSwiftPackageReference;
			repositoryURL = "https://github.com/supabase-community/supabase-swift";
			requirement = {
				kind = upToNextMajorVersion;
				minimumVersion = 2.5.1;
			};
		};
/* End XCRemoteSwiftPackageReference section */

/* Begin XCSwiftPackageProductDependency section */
		74B1F0AD2F5C02AD002D0672 /* GoogleSignIn */ = {
			isa = XCSwiftPackageProductDependency;
			package = 74B1F0AC2F5C02AD002D0672 /* XCRemoteSwiftPackageReference "GoogleSignIn-iOS" */;
			productName = GoogleSignIn;
		};
		74B1F0AF2F5C02AD002D0672 /* GoogleSignInSwift */ = {
			isa = XCSwiftPackageProductDependency;
			package = 74B1F0AC2F5C02AD002D0672 /* XCRemoteSwiftPackageReference "GoogleSignIn-iOS" */;
			productName = GoogleSignInSwift;
		};
		74D4CF492F5816C900E0E820 /* Auth */ = {
			isa = XCSwiftPackageProductDependency;
			package = 74D4CF482F5816C900E0E820 /* XCRemoteSwiftPackageReference "supabase-swift" */;
			productName = Auth;
		};
		74D4CF4B2F5816C900E0E820 /* Functions */ = {
			isa = XCSwiftPackageProductDependency;
			package = 74D4CF482F5816C900E0E820 /* XCRemoteSwiftPackageReference "supabase-swift" */;
			productName = Functions;
		};
		74D4CF4D2F5816C900E0E820 /* PostgREST */ = {
			isa = XCSwiftPackageProductDependency;
			package = 74D4CF482F5816C900E0E820 /* XCRemoteSwiftPackageReference "supabase-swift" */;
			productName = PostgREST;
		};
		74D4CF4F2F5816C900E0E820 /* Realtime */ = {
			isa = XCSwiftPackageProductDependency;
			package = 74D4CF482F5816C900E0E820 /* XCRemoteSwiftPackageReference "supabase-swift" */;
			productName = Realtime;
		};
		74D4CF512F5816C900E0E820 /* Storage */ = {
			isa = XCSwiftPackageProductDependency;
			package = 74D4CF482F5816C900E0E820 /* XCRemoteSwiftPackageReference "supabase-swift" */;
			productName = Storage;
		};
		74D4CF602F58C57E00E0E820 /* Supabase */ = {
			isa = XCSwiftPackageProductDependency;
			package = 74D4CF482F5816C900E0E820 /* XCRemoteSwiftPackageReference "supabase-swift" */;
			productName = Supabase;
		};
/* End XCSwiftPackageProductDependency section */
	};
	rootObject = 447FDCE82F4C339300334382 /* Project object */;
}
